
Microsoft Visual Studio Solution File, Format Version 12.00
# Visual Studio 15
VisualStudioVersion = 15.0.28307.421
MinimumVisualStudioVersion = 10.0.40219.1
Project("{FAE04EC0-301F-11D3-BF4B-00C04F79EFBC}") = "Space Project Stephan", "Space Project Stephan\Space Project Stephan.csproj", "{5CAF701F-D1F9-4895-B63B-7DF3BEF58CE1}"
EndProject
Global
	GlobalSection(SolutionConfigurationPlatforms) = preSolution
		Debug|Any CPU = Debug|Any CPU
		Release|Any CPU = Release|Any CPU
	EndGlobalSection
	GlobalSection(ProjectConfigurationPlatforms) = postSolution
		{5CAF701F-D1F9-4895-B63B-7DF3BEF58CE1}.Debug|Any CPU.ActiveCfg = Debug|Any CPU
		{5CAF701F-D1F9-4895-B63B-7DF3BEF58CE1}.Debug|Any CPU.Build.0 = Debug|Any CPU
		{5CAF701F-D1F9-4895-B63B-7DF3BEF58CE1}.Release|Any CPU.ActiveCfg = Release|Any CPU
		{5CAF701F-D1F9-4895-B63B-7DF3BEF58CE1}.Release|Any CPU.Build.0 = Release|Any CPU
	EndGlobalSection
	GlobalSection(SolutionProperties) = preSolution
		HideSolutionNode = FALSE
	EndGlobalSection
	GlobalSection(ExtensibilityGlobals) = postSolution
		SolutionGuid = {73EFFB22-7CE2-4527-859E-95F77971F983}
	EndGlobalSection
EndGlobal
